
Microsoft Visual Studio Solution File, Format Version 12.00
# Visual Studio Version 17
VisualStudioVersion = 17.8.34330.188
MinimumVisualStudioVersion = 10.0.40219.1
Project("{8BC9CEB8-8B4A-11D0-8D11-00A0C91BC942}") = "10-6", "10-6\10-6.vcxproj", "{F2B2B79D-8A45-44AA-A351-3EAA78027057}"
EndProject
Project("{8BC9CEB8-8B4A-11D0-8D11-00A0C91BC942}") = "11-1", "11-1\11-1.vcxproj", "{C08ABCCB-48AA-40AD-A93A-C14FE87743C6}"
EndProject
Project("{8BC9CEB8-8B4A-11D0-8D11-00A0C91BC942}") = "11-3", "11-3\11-3.vcxproj", "{162758A0-8AE6-46D9-84E6-7FABB01E84B0}"
EndProject
Project("{8BC9CEB8-8B4A-11D0-8D11-00A0C91BC942}") = "11-4", "11-4\11-4.vcxproj", "{EDBD4D6D-1743-4B40-A3D9-E3A8D8EA51F0}"
EndProject
Project("{8BC9CEB8-8B4A-11D0-8D11-00A0C91BC942}") = "11-5", "11-5\11-5.vcxproj", "{307DF997-59B0-4029-8B97-D4CAA704F479}"
EndProject
Project("{8BC9CEB8-8B4A-11D0-8D11-00A0C91BC942}") = "11-6", "11-6\11-6.vcxproj", "{F91D07A1-3DDD-4913-8242-2A0A54EF7D94}"
EndProject
Project("{8BC9CEB8-8B4A-11D0-8D11-00A0C91BC942}") = "11-7", "11-7\11-7.vcxproj", "{FB2CD65C-E000-49CE-B866-2446D2A2A386}"
EndProject
Project("{8BC9CEB8-8B4A-11D0-8D11-00A0C91BC942}") = "11-8", "11-8\11-8.vcxproj", "{959E55F3-BBC3-4254-811C-41AA200E6BA2}"
EndProject
Project("{8BC9CEB8-8B4A-11D0-8D11-00A0C91BC942}") = "11-9", "11-9\11-9.vcxproj", "{E460B3BC-9F80-4E84-B09E-39B354CBB1E8}"
EndProject
Project("{8BC9CEB8-8B4A-11D0-8D11-00A0C91BC942}") = "12-1", "12-1\12-1.vcxproj", "{C3CCEE34-DD40-48D1-80FA-3A66AB2421E9}"
EndProject
Project("{8BC9CEB8-8B4A-11D0-8D11-00A0C91BC942}") = "12-2", "12-2\12-2.vcxproj", "{3EA9F3FA-B9EE-438D-A0B6-1490AD699D2E}"
EndProject
Project("{8BC9CEB8-8B4A-11D0-8D11-00A0C91BC942}") = "12-3", "12-3\12-3.vcxproj", "{762E8A32-CC92-45DF-B057-8E5AF3EE1412}"
EndProject
Project("{8BC9CEB8-8B4A-11D0-8D11-00A0C91BC942}") = "12-4", "12-4\12-4.vcxproj", "{B37C5AF8-AA4B-499F-A335-AC3CEFD75EEA}"
EndProject
Project("{8BC9CEB8-8B4A-11D0-8D11-00A0C91BC942}") = "12-6", "12-6\12-6.vcxproj", "{EB89DC5E-F46B-4F28-AE30-4DDA342605D7}"
EndProject
Project("{8BC9CEB8-8B4A-11D0-8D11-00A0C91BC942}") = "12-7", "12-7\12-7.vcxproj", "{CCEB0836-3D87-4E30-B307-9C61B05CF2A0}"
EndProject
Project("{8BC9CEB8-8B4A-11D0-8D11-00A0C91BC942}") = "12-8", "12-8\12-8.vcxproj", "{16AAE4A6-7E71-45EA-B656-3FACF262E737}"
EndProject
Project("{8BC9CEB8-8B4A-11D0-8D11-00A0C91BC942}") = "12-9", "12-9\12-9.vcxproj", "{E091AA8D-FBB5-41B6-B577-0679477BCEE6}"
EndProject
Project("{8BC9CEB8-8B4A-11D0-8D11-00A0C91BC942}") = "12-10", "12-10\12-10.vcxproj", "{CE3C86B8-B618-4600-AD36-596D5D8C8150}"
EndProject
Project("{8BC9CEB8-8B4A-11D0-8D11-00A0C91BC942}") = "12-11", "12-11\12-11.vcxproj", "{B9492B3D-886A-47EF-A416-0A8D7CF8D4AC}"
EndProject
Project("{8BC9CEB8-8B4A-11D0-8D11-00A0C91BC942}") = "13-1", "13-1\13-1.vcxproj", "{A37FECA9-C479-4F74-B781-C84ADAE3D811}"
EndProject
Project("{8BC9CEB8-8B4A-11D0-8D11-00A0C91BC942}") = "13-2", "13-2\13-2.vcxproj", "{2F04F767-EBE4-458B-A653-2C2E7FA3D46F}"
EndProject
Project("{8BC9CEB8-8B4A-11D0-8D11-00A0C91BC942}") = "13-3", "13-3\13-3.vcxproj", "{CA06CD46-76DA-458C-8653-F03F346B5F84}"
EndProject
Project("{8BC9CEB8-8B4A-11D0-8D11-00A0C91BC942}") = "13-4", "13-4\13-4.vcxproj", "{FD67DE11-F2E4-4B6A-9CA9-A0848A5DF925}"
EndProject
Project("{8BC9CEB8-8B4A-11D0-8D11-00A0C91BC942}") = "13-5", "13-5\13-5.vcxproj", "{22D84211-34B2-4E67-B9D3-9495A8E246CC}"
EndProject
Project("{8BC9CEB8-8B4A-11D0-8D11-00A0C91BC942}") = "13-6", "13-6\13-6.vcxproj", "{78584011-D3D8-4CD2-B512-EE3D9CA07AE8}"
EndProject
Project("{8BC9CEB8-8B4A-11D0-8D11-00A0C91BC942}") = "13-7", "13-7\13-7.vcxproj", "{8F7688B7-E14C-45D7-9E21-53ACB4103BDE}"
EndProject
Project("{8BC9CEB8-8B4A-11D0-8D11-00A0C91BC942}") = "13-8", "13-8\13-8.vcxproj", "{9FABFDF8-625F-48B1-A493-75A550FFCF5A}"
EndProject
Project("{8BC9CEB8-8B4A-11D0-8D11-00A0C91BC942}") = "14-1", "14-1\14-1.vcxproj", "{4C5142CB-7840-4FAF-A9B1-2736404522CB}"
EndProject
Project("{8BC9CEB8-8B4A-11D0-8D11-00A0C91BC942}") = "14-2", "14-2\14-2.vcxproj", "{9600264A-0FBF-4E36-AC41-C9288CC78FCC}"
EndProject
Project("{8BC9CEB8-8B4A-11D0-8D11-00A0C91BC942}") = "14-3", "14-3\14-3.vcxproj", "{12A1701B-43A1-4FBF-A9ED-6BCB0AF5D6D3}"
EndProject
Project("{8BC9CEB8-8B4A-11D0-8D11-00A0C91BC942}") = "14-4", "14-4\14-4.vcxproj", "{C34EF663-EE07-468A-8430-D628FD23E602}"
EndProject
Project("{8BC9CEB8-8B4A-11D0-8D11-00A0C91BC942}") = "14-5", "14-5\14-5.vcxproj", "{2C9077F3-49BB-4562-AD0C-EEBAD2F7A1CB}"
EndProject
Project("{8BC9CEB8-8B4A-11D0-8D11-00A0C91BC942}") = "15-1", "15-1\15-1.vcxproj", "{90D80CD1-5E7E-4942-B2C5-B2B9C77EBA7F}"
EndProject
Project("{8BC9CEB8-8B4A-11D0-8D11-00A0C91BC942}") = "15-2", "15-2\15-2.vcxproj", "{1932034E-8C17-4A19-A3CE-FAD321F7F4A0}"
EndProject
Project("{8BC9CEB8-8B4A-11D0-8D11-00A0C91BC942}") = "15-3", "15-3\15-3.vcxproj", "{213A58CF-CEF9-4B68-BF37-E6495748B070}"
EndProject
Project("{8BC9CEB8-8B4A-11D0-8D11-00A0C91BC942}") = "15-4", "15-4\15-4.vcxproj", "{1D484447-7496-4F46-BD90-919280C53E33}"
EndProject
Project("{8BC9CEB8-8B4A-11D0-8D11-00A0C91BC942}") = "15-5", "15-5\15-5.vcxproj", "{B516EB85-1D0E-4BEF-85E8-F580207432A6}"
EndProject
Project("{8BC9CEB8-8B4A-11D0-8D11-00A0C91BC942}") = "15-6", "15-6\15-6.vcxproj", "{827CB638-F238-461B-A330-39152574F34B}"
EndProject
Project("{8BC9CEB8-8B4A-11D0-8D11-00A0C91BC942}") = "15-7", "15-7\15-7.vcxproj", "{71B950B1-F4D4-4401-9BA7-41609A32A297}"
EndProject
Project("{8BC9CEB8-8B4A-11D0-8D11-00A0C91BC942}") = "16-2", "16-2\16-2.vcxproj", "{AA7C05CC-1E12-47F5-B713-59DE7754623F}"
EndProject
Project("{8BC9CEB8-8B4A-11D0-8D11-00A0C91BC942}") = "17-1", "17-1\17-1.vcxproj", "{80B171F1-855B-421E-B76C-9F979A06138B}"
EndProject
Project("{8BC9CEB8-8B4A-11D0-8D11-00A0C91BC942}") = "17-2", "17-2\17-2.vcxproj", "{7F2A06BE-9A86-443E-AF15-B76497C81E62}"
EndProject
Project("{8BC9CEB8-8B4A-11D0-8D11-00A0C91BC942}") = "17-3", "17-3\17-3.vcxproj", "{BA1675F9-EA0C-41B5-8D13-AA615175212E}"
EndProject
Project("{8BC9CEB8-8B4A-11D0-8D11-00A0C91BC942}") = "17-4", "17-4\17-4.vcxproj", "{6832BEFE-5652-486C-9D3F-398481B2BAA6}"
EndProject
Project("{8BC9CEB8-8B4A-11D0-8D11-00A0C91BC942}") = "17-5", "17-5\17-5.vcxproj", "{DEE34A60-42D2-4D42-88BD-69EF48BAB09B}"
EndProject
Project("{8BC9CEB8-8B4A-11D0-8D11-00A0C91BC942}") = "18-1", "18-1\18-1.vcxproj", "{5F30C5B0-7F33-4CBA-A8EF-202FABEB4D36}"
EndProject
Project("{8BC9CEB8-8B4A-11D0-8D11-00A0C91BC942}") = "18-2", "18-2\18-2.vcxproj", "{F23A21A4-BCF7-4013-882E-F51EC084621B}"
EndProject
Project("{8BC9CEB8-8B4A-11D0-8D11-00A0C91BC942}") = "18-3", "18-3\18-3.vcxproj", "{590A51D9-87CA-47CF-9B9B-AA8875DBB986}"
EndProject
Project("{8BC9CEB8-8B4A-11D0-8D11-00A0C91BC942}") = "18-4", "18-4\18-4.vcxproj", "{8396CC3E-2900-4E71-A753-FF86766D7C61}"
EndProject
Project("{8BC9CEB8-8B4A-11D0-8D11-00A0C91BC942}") = "18-5", "18-5\18-5.vcxproj", "{D32834AB-A38D-4E9E-B005-A5AFFE710496}"
EndProject
Project("{8BC9CEB8-8B4A-11D0-8D11-00A0C91BC942}") = "18-6", "18-6\18-6.vcxproj", "{FC4DAFC9-CF69-460C-9300-21ABA2988E82}"
EndProject
Project("{8BC9CEB8-8B4A-11D0-8D11-00A0C91BC942}") = "18-7", "18-7\18-7.vcxproj", "{DB757E76-F316-4D23-9FB6-09BC86C57EE5}"
EndProject
Project("{8BC9CEB8-8B4A-11D0-8D11-00A0C91BC942}") = "19-1", "19-1\19-1.vcxproj", "{FF6B5145-FB63-4BA6-839C-9FFB6108072D}"
EndProject
Project("{8BC9CEB8-8B4A-11D0-8D11-00A0C91BC942}") = "19-2", "19-2\19-2.vcxproj", "{662CCB80-F7CE-4064-9FD0-F91824829557}"
EndProject
Project("{8BC9CEB8-8B4A-11D0-8D11-00A0C91BC942}") = "19-3", "19-3\19-3.vcxproj", "{3DFBAE71-8480-415A-95A9-9A93669D5789}"
EndProject
Project("{8BC9CEB8-8B4A-11D0-8D11-00A0C91BC942}") = "19-4", "19-4\19-4.vcxproj", "{DCD6FC1A-491A-4641-B3B1-4856FF1F1EED}"
EndProject
Project("{8BC9CEB8-8B4A-11D0-8D11-00A0C91BC942}") = "19-5", "19-5\19-5.vcxproj", "{7838C76F-AFA7-4129-AD49-6749C18FFCFA}"
EndProject
Project("{8BC9CEB8-8B4A-11D0-8D11-00A0C91BC942}") = "19-6", "19-6\19-6.vcxproj", "{05EE5B97-26E3-4D12-B910-3D530DD0F592}"
EndProject
Project("{8BC9CEB8-8B4A-11D0-8D11-00A0C91BC942}") = "19-7", "19-7\19-7.vcxproj", "{FD169799-F5EB-4739-9A5C-721690821A38}"
EndProject
Project("{8BC9CEB8-8B4A-11D0-8D11-00A0C91BC942}") = "19-7_2", "19-7_2\19-7_2.vcxproj", "{5CD3C243-12E3-47EB-BFC0-FE3DECE0EF5B}"
EndProject
Project("{8BC9CEB8-8B4A-11D0-8D11-00A0C91BC942}") = "19-8", "19-8\19-8.vcxproj", "{2C9A5B98-AC2F-4FAE-9C72-B7924E6C9C82}"
EndProject
Project("{8BC9CEB8-8B4A-11D0-8D11-00A0C91BC942}") = "20-1", "20-1\20-1.vcxproj", "{ECECC3AA-42F7-499C-B7F8-8046B6097739}"
EndProject
Project("{8BC9CEB8-8B4A-11D0-8D11-00A0C91BC942}") = "20-5_server", "20-5\20-5.vcxproj", "{B336426E-B896-443F-AD0C-FF96E3E89AB6}"
EndProject
Project("{8BC9CEB8-8B4A-11D0-8D11-00A0C91BC942}") = "20-5_client", "20-5_client\20-5_client.vcxproj", "{A5C84B20-2D4F-453B-A195-DE75ED39DC34}"
EndProject
Project("{8BC9CEB8-8B4A-11D0-8D11-00A0C91BC942}") = "Synchronous_server", "Chat_Server\Chat_Server.vcxproj", "{3D66C4EA-154C-495B-9863-FFFDB6F94AA1}"
EndProject
Project("{8BC9CEB8-8B4A-11D0-8D11-00A0C91BC942}") = "Synchronous_client", "Chat_Client\Chat_Client.vcxproj", "{8F0F9A6D-09E5-4DC5-A971-6BDD536044DF}"
EndProject
Project("{8BC9CEB8-8B4A-11D0-8D11-00A0C91BC942}") = "Asynchronous_server", "Asynchronous_server\Asynchronous_server.vcxproj", "{ED80186D-9756-48FD-AB96-35C265B45143}"
EndProject
Global
	GlobalSection(SolutionConfigurationPlatforms) = preSolution
		Debug|x64 = Debug|x64
		Debug|x86 = Debug|x86
		Release|x64 = Release|x64
		Release|x86 = Release|x86
	EndGlobalSection
	GlobalSection(ProjectConfigurationPlatforms) = postSolution
		{F2B2B79D-8A45-44AA-A351-3EAA78027057}.Debug|x64.ActiveCfg = Debug|x64
		{F2B2B79D-8A45-44AA-A351-3EAA78027057}.Debug|x64.Build.0 = Debug|x64
		{F2B2B79D-8A45-44AA-A351-3EAA78027057}.Debug|x86.ActiveCfg = Debug|Win32
		{F2B2B79D-8A45-44AA-A351-3EAA78027057}.Debug|x86.Build.0 = Debug|Win32
		{F2B2B79D-8A45-44AA-A351-3EAA78027057}.Release|x64.ActiveCfg = Release|x64
		{F2B2B79D-8A45-44AA-A351-3EAA78027057}.Release|x64.Build.0 = Release|x64
		{F2B2B79D-8A45-44AA-A351-3EAA78027057}.Release|x86.ActiveCfg = Release|Win32
		{F2B2B79D-8A45-44AA-A351-3EAA78027057}.Release|x86.Build.0 = Release|Win32
		{C08ABCCB-48AA-40AD-A93A-C14FE87743C6}.Debug|x64.ActiveCfg = Debug|x64
		{C08ABCCB-48AA-40AD-A93A-C14FE87743C6}.Debug|x64.Build.0 = Debug|x64
		{C08ABCCB-48AA-40AD-A93A-C14FE87743C6}.Debug|x86.ActiveCfg = Debug|Win32
		{C08ABCCB-48AA-40AD-A93A-C14FE87743C6}.Debug|x86.Build.0 = Debug|Win32
		{C08ABCCB-48AA-40AD-A93A-C14FE87743C6}.Release|x64.ActiveCfg = Release|x64
		{C08ABCCB-48AA-40AD-A93A-C14FE87743C6}.Release|x64.Build.0 = Release|x64
		{C08ABCCB-48AA-40AD-A93A-C14FE87743C6}.Release|x86.ActiveCfg = Release|Win32
		{C08ABCCB-48AA-40AD-A93A-C14FE87743C6}.Release|x86.Build.0 = Release|Win32
		{162758A0-8AE6-46D9-84E6-7FABB01E84B0}.Debug|x64.ActiveCfg = Debug|x64
		{162758A0-8AE6-46D9-84E6-7FABB01E84B0}.Debug|x64.Build.0 = Debug|x64
		{162758A0-8AE6-46D9-84E6-7FABB01E84B0}.Debug|x86.ActiveCfg = Debug|Win32
		{162758A0-8AE6-46D9-84E6-7FABB01E84B0}.Debug|x86.Build.0 = Debug|Win32
		{162758A0-8AE6-46D9-84E6-7FABB01E84B0}.Release|x64.ActiveCfg = Release|x64
		{162758A0-8AE6-46D9-84E6-7FABB01E84B0}.Release|x64.Build.0 = Release|x64
		{162758A0-8AE6-46D9-84E6-7FABB01E84B0}.Release|x86.ActiveCfg = Release|Win32
		{162758A0-8AE6-46D9-84E6-7FABB01E84B0}.Release|x86.Build.0 = Release|Win32
		{EDBD4D6D-1743-4B40-A3D9-E3A8D8EA51F0}.Debug|x64.ActiveCfg = Debug|x64
		{EDBD4D6D-1743-4B40-A3D9-E3A8D8EA51F0}.Debug|x64.Build.0 = Debug|x64
		{EDBD4D6D-1743-4B40-A3D9-E3A8D8EA51F0}.Debug|x86.ActiveCfg = Debug|Win32
		{EDBD4D6D-1743-4B40-A3D9-E3A8D8EA51F0}.Debug|x86.Build.0 = Debug|Win32
		{EDBD4D6D-1743-4B40-A3D9-E3A8D8EA51F0}.Release|x64.ActiveCfg = Release|x64
		{EDBD4D6D-1743-4B40-A3D9-E3A8D8EA51F0}.Release|x64.Build.0 = Release|x64
		{EDBD4D6D-1743-4B40-A3D9-E3A8D8EA51F0}.Release|x86.ActiveCfg = Release|Win32
		{EDBD4D6D-1743-4B40-A3D9-E3A8D8EA51F0}.Release|x86.Build.0 = Release|Win32
		{307DF997-59B0-4029-8B97-D4CAA704F479}.Debug|x64.ActiveCfg = Debug|x64
		{307DF997-59B0-4029-8B97-D4CAA704F479}.Debug|x64.Build.0 = Debug|x64
		{307DF997-59B0-4029-8B97-D4CAA704F479}.Debug|x86.ActiveCfg = Debug|Win32
		{307DF997-59B0-4029-8B97-D4CAA704F479}.Debug|x86.Build.0 = Debug|Win32
		{307DF997-59B0-4029-8B97-D4CAA704F479}.Release|x64.ActiveCfg = Release|x64
		{307DF997-59B0-4029-8B97-D4CAA704F479}.Release|x64.Build.0 = Release|x64
		{307DF997-59B0-4029-8B97-D4CAA704F479}.Release|x86.ActiveCfg = Release|Win32
		{307DF997-59B0-4029-8B97-D4CAA704F479}.Release|x86.Build.0 = Release|Win32
		{F91D07A1-3DDD-4913-8242-2A0A54EF7D94}.Debug|x64.ActiveCfg = Debug|x64
		{F91D07A1-3DDD-4913-8242-2A0A54EF7D94}.Debug|x64.Build.0 = Debug|x64
		{F91D07A1-3DDD-4913-8242-2A0A54EF7D94}.Debug|x86.ActiveCfg = Debug|Win32
		{F91D07A1-3DDD-4913-8242-2A0A54EF7D94}.Debug|x86.Build.0 = Debug|Win32
		{F91D07A1-3DDD-4913-8242-2A0A54EF7D94}.Release|x64.ActiveCfg = Release|x64
		{F91D07A1-3DDD-4913-8242-2A0A54EF7D94}.Release|x64.Build.0 = Release|x64
		{F91D07A1-3DDD-4913-8242-2A0A54EF7D94}.Release|x86.ActiveCfg = Release|Win32
		{F91D07A1-3DDD-4913-8242-2A0A54EF7D94}.Release|x86.Build.0 = Release|Win32
		{FB2CD65C-E000-49CE-B866-2446D2A2A386}.Debug|x64.ActiveCfg = Debug|x64
		{FB2CD65C-E000-49CE-B866-2446D2A2A386}.Debug|x64.Build.0 = Debug|x64
		{FB2CD65C-E000-49CE-B866-2446D2A2A386}.Debug|x86.ActiveCfg = Debug|Win32
		{FB2CD65C-E000-49CE-B866-2446D2A2A386}.Debug|x86.Build.0 = Debug|Win32
		{FB2CD65C-E000-49CE-B866-2446D2A2A386}.Release|x64.ActiveCfg = Release|x64
		{FB2CD65C-E000-49CE-B866-2446D2A2A386}.Release|x64.Build.0 = Release|x64
		{FB2CD65C-E000-49CE-B866-2446D2A2A386}.Release|x86.ActiveCfg = Release|Win32
		{FB2CD65C-E000-49CE-B866-2446D2A2A386}.Release|x86.Build.0 = Release|Win32
		{959E55F3-BBC3-4254-811C-41AA200E6BA2}.Debug|x64.ActiveCfg = Debug|x64
		{959E55F3-BBC3-4254-811C-41AA200E6BA2}.Debug|x64.Build.0 = Debug|x64
		{959E55F3-BBC3-4254-811C-41AA200E6BA2}.Debug|x86.ActiveCfg = Debug|Win32
		{959E55F3-BBC3-4254-811C-41AA200E6BA2}.Debug|x86.Build.0 = Debug|Win32
		{959E55F3-BBC3-4254-811C-41AA200E6BA2}.Release|x64.ActiveCfg = Release|x64
		{959E55F3-BBC3-4254-811C-41AA200E6BA2}.Release|x64.Build.0 = Release|x64
		{959E55F3-BBC3-4254-811C-41AA200E6BA2}.Release|x86.ActiveCfg = Release|Win32
		{959E55F3-BBC3-4254-811C-41AA200E6BA2}.Release|x86.Build.0 = Release|Win32
		{E460B3BC-9F80-4E84-B09E-39B354CBB1E8}.Debug|x64.ActiveCfg = Debug|x64
		{E460B3BC-9F80-4E84-B09E-39B354CBB1E8}.Debug|x64.Build.0 = Debug|x64
		{E460B3BC-9F80-4E84-B09E-39B354CBB1E8}.Debug|x86.ActiveCfg = Debug|Win32
		{E460B3BC-9F80-4E84-B09E-39B354CBB1E8}.Debug|x86.Build.0 = Debug|Win32
		{E460B3BC-9F80-4E84-B09E-39B354CBB1E8}.Release|x64.ActiveCfg = Release|x64
		{E460B3BC-9F80-4E84-B09E-39B354CBB1E8}.Release|x64.Build.0 = Release|x64
		{E460B3BC-9F80-4E84-B09E-39B354CBB1E8}.Release|x86.ActiveCfg = Release|Win32
		{E460B3BC-9F80-4E84-B09E-39B354CBB1E8}.Release|x86.Build.0 = Release|Win32
		{C3CCEE34-DD40-48D1-80FA-3A66AB2421E9}.Debug|x64.ActiveCfg = Debug|x64
		{C3CCEE34-DD40-48D1-80FA-3A66AB2421E9}.Debug|x64.Build.0 = Debug|x64
		{C3CCEE34-DD40-48D1-80FA-3A66AB2421E9}.Debug|x86.ActiveCfg = Debug|Win32
		{C3CCEE34-DD40-48D1-80FA-3A66AB2421E9}.Debug|x86.Build.0 = Debug|Win32
		{C3CCEE34-DD40-48D1-80FA-3A66AB2421E9}.Release|x64.ActiveCfg = Release|x64
		{C3CCEE34-DD40-48D1-80FA-3A66AB2421E9}.Release|x64.Build.0 = Release|x64
		{C3CCEE34-DD40-48D1-80FA-3A66AB2421E9}.Release|x86.ActiveCfg = Release|Win32
		{C3CCEE34-DD40-48D1-80FA-3A66AB2421E9}.Release|x86.Build.0 = Release|Win32
		{3EA9F3FA-B9EE-438D-A0B6-1490AD699D2E}.Debug|x64.ActiveCfg = Debug|x64
		{3EA9F3FA-B9EE-438D-A0B6-1490AD699D2E}.Debug|x64.Build.0 = Debug|x64
		{3EA9F3FA-B9EE-438D-A0B6-1490AD699D2E}.Debug|x86.ActiveCfg = Debug|Win32
		{3EA9F3FA-B9EE-438D-A0B6-1490AD699D2E}.Debug|x86.Build.0 = Debug|Win32
		{3EA9F3FA-B9EE-438D-A0B6-1490AD699D2E}.Release|x64.ActiveCfg = Release|x64
		{3EA9F3FA-B9EE-438D-A0B6-1490AD699D2E}.Release|x64.Build.0 = Release|x64
		{3EA9F3FA-B9EE-438D-A0B6-1490AD699D2E}.Release|x86.ActiveCfg = Release|Win32
		{3EA9F3FA-B9EE-438D-A0B6-1490AD699D2E}.Release|x86.Build.0 = Release|Win32
		{762E8A32-CC92-45DF-B057-8E5AF3EE1412}.Debug|x64.ActiveCfg = Debug|x64
		{762E8A32-CC92-45DF-B057-8E5AF3EE1412}.Debug|x64.Build.0 = Debug|x64
		{762E8A32-CC92-45DF-B057-8E5AF3EE1412}.Debug|x86.ActiveCfg = Debug|Win32
		{762E8A32-CC92-45DF-B057-8E5AF3EE1412}.Debug|x86.Build.0 = Debug|Win32
		{762E8A32-CC92-45DF-B057-8E5AF3EE1412}.Release|x64.ActiveCfg = Release|x64
		{762E8A32-CC92-45DF-B057-8E5AF3EE1412}.Release|x64.Build.0 = Release|x64
		{762E8A32-CC92-45DF-B057-8E5AF3EE1412}.Release|x86.ActiveCfg = Release|Win32
		{762E8A32-CC92-45DF-B057-8E5AF3EE1412}.Release|x86.Build.0 = Release|Win32
		{B37C5AF8-AA4B-499F-A335-AC3CEFD75EEA}.Debug|x64.ActiveCfg = Debug|x64
		{B37C5AF8-AA4B-499F-A335-AC3CEFD75EEA}.Debug|x64.Build.0 = Debug|x64
		{B37C5AF8-AA4B-499F-A335-AC3CEFD75EEA}.Debug|x86.ActiveCfg = Debug|Win32
		{B37C5AF8-AA4B-499F-A335-AC3CEFD75EEA}.Debug|x86.Build.0 = Debug|Win32
		{B37C5AF8-AA4B-499F-A335-AC3CEFD75EEA}.Release|x64.ActiveCfg = Release|x64
		{B37C5AF8-AA4B-499F-A335-AC3CEFD75EEA}.Release|x64.Build.0 = Release|x64
		{B37C5AF8-AA4B-499F-A335-AC3CEFD75EEA}.Release|x86.ActiveCfg = Release|Win32
		{B37C5AF8-AA4B-499F-A335-AC3CEFD75EEA}.Release|x86.Build.0 = Release|Win32
		{EB89DC5E-F46B-4F28-AE30-4DDA342605D7}.Debug|x64.ActiveCfg = Debug|x64
		{EB89DC5E-F46B-4F28-AE30-4DDA342605D7}.Debug|x64.Build.0 = Debug|x64
		{EB89DC5E-F46B-4F28-AE30-4DDA342605D7}.Debug|x86.ActiveCfg = Debug|Win32
		{EB89DC5E-F46B-4F28-AE30-4DDA342605D7}.Debug|x86.Build.0 = Debug|Win32
		{EB89DC5E-F46B-4F28-AE30-4DDA342605D7}.Release|x64.ActiveCfg = Release|x64
		{EB89DC5E-F46B-4F28-AE30-4DDA342605D7}.Release|x64.Build.0 = Release|x64
		{EB89DC5E-F46B-4F28-AE30-4DDA342605D7}.Release|x86.ActiveCfg = Release|Win32
		{EB89DC5E-F46B-4F28-AE30-4DDA342605D7}.Release|x86.Build.0 = Release|Win32
		{CCEB0836-3D87-4E30-B307-9C61B05CF2A0}.Debug|x64.ActiveCfg = Debug|x64
		{CCEB0836-3D87-4E30-B307-9C61B05CF2A0}.Debug|x64.Build.0 = Debug|x64
		{CCEB0836-3D87-4E30-B307-9C61B05CF2A0}.Debug|x86.ActiveCfg = Debug|Win32
		{CCEB0836-3D87-4E30-B307-9C61B05CF2A0}.Debug|x86.Build.0 = Debug|Win32
		{CCEB0836-3D87-4E30-B307-9C61B05CF2A0}.Release|x64.ActiveCfg = Release|x64
		{CCEB0836-3D87-4E30-B307-9C61B05CF2A0}.Release|x64.Build.0 = Release|x64
		{CCEB0836-3D87-4E30-B307-9C61B05CF2A0}.Release|x86.ActiveCfg = Release|Win32
		{CCEB0836-3D87-4E30-B307-9C61B05CF2A0}.Release|x86.Build.0 = Release|Win32
		{16AAE4A6-7E71-45EA-B656-3FACF262E737}.Debug|x64.ActiveCfg = Debug|x64
		{16AAE4A6-7E71-45EA-B656-3FACF262E737}.Debug|x64.Build.0 = Debug|x64
		{16AAE4A6-7E71-45EA-B656-3FACF262E737}.Debug|x86.ActiveCfg = Debug|Win32
		{16AAE4A6-7E71-45EA-B656-3FACF262E737}.Debug|x86.Build.0 = Debug|Win32
		{16AAE4A6-7E71-45EA-B656-3FACF262E737}.Release|x64.ActiveCfg = Release|x64
		{16AAE4A6-7E71-45EA-B656-3FACF262E737}.Release|x64.Build.0 = Release|x64
		{16AAE4A6-7E71-45EA-B656-3FACF262E737}.Release|x86.ActiveCfg = Release|Win32
		{16AAE4A6-7E71-45EA-B656-3FACF262E737}.Release|x86.Build.0 = Release|Win32
		{E091AA8D-FBB5-41B6-B577-0679477BCEE6}.Debug|x64.ActiveCfg = Debug|x64
		{E091AA8D-FBB5-41B6-B577-0679477BCEE6}.Debug|x64.Build.0 = Debug|x64
		{E091AA8D-FBB5-41B6-B577-0679477BCEE6}.Debug|x86.ActiveCfg = Debug|Win32
		{E091AA8D-FBB5-41B6-B577-0679477BCEE6}.Debug|x86.Build.0 = Debug|Win32
		{E091AA8D-FBB5-41B6-B577-0679477BCEE6}.Release|x64.ActiveCfg = Release|x64
		{E091AA8D-FBB5-41B6-B577-0679477BCEE6}.Release|x64.Build.0 = Release|x64
		{E091AA8D-FBB5-41B6-B577-0679477BCEE6}.Release|x86.ActiveCfg = Release|Win32
		{E091AA8D-FBB5-41B6-B577-0679477BCEE6}.Release|x86.Build.0 = Release|Win32
		{CE3C86B8-B618-4600-AD36-596D5D8C8150}.Debug|x64.ActiveCfg = Debug|x64
		{CE3C86B8-B618-4600-AD36-596D5D8C8150}.Debug|x64.Build.0 = Debug|x64
		{CE3C86B8-B618-4600-AD36-596D5D8C8150}.Debug|x86.ActiveCfg = Debug|Win32
		{CE3C86B8-B618-4600-AD36-596D5D8C8150}.Debug|x86.Build.0 = Debug|Win32
		{CE3C86B8-B618-4600-AD36-596D5D8C8150}.Release|x64.ActiveCfg = Release|x64
		{CE3C86B8-B618-4600-AD36-596D5D8C8150}.Release|x64.Build.0 = Release|x64
		{CE3C86B8-B618-4600-AD36-596D5D8C8150}.Release|x86.ActiveCfg = Release|Win32
		{CE3C86B8-B618-4600-AD36-596D5D8C8150}.Release|x86.Build.0 = Release|Win32
		{B9492B3D-886A-47EF-A416-0A8D7CF8D4AC}.Debug|x64.ActiveCfg = Debug|x64
		{B9492B3D-886A-47EF-A416-0A8D7CF8D4AC}.Debug|x64.Build.0 = Debug|x64
		{B9492B3D-886A-47EF-A416-0A8D7CF8D4AC}.Debug|x86.ActiveCfg = Debug|Win32
		{B9492B3D-886A-47EF-A416-0A8D7CF8D4AC}.Debug|x86.Build.0 = Debug|Win32
		{B9492B3D-886A-47EF-A416-0A8D7CF8D4AC}.Release|x64.ActiveCfg = Release|x64
		{B9492B3D-886A-47EF-A416-0A8D7CF8D4AC}.Release|x64.Build.0 = Release|x64
		{B9492B3D-886A-47EF-A416-0A8D7CF8D4AC}.Release|x86.ActiveCfg = Release|Win32
		{B9492B3D-886A-47EF-A416-0A8D7CF8D4AC}.Release|x86.Build.0 = Release|Win32
		{A37FECA9-C479-4F74-B781-C84ADAE3D811}.Debug|x64.ActiveCfg = Debug|x64
		{A37FECA9-C479-4F74-B781-C84ADAE3D811}.Debug|x64.Build.0 = Debug|x64
		{A37FECA9-C479-4F74-B781-C84ADAE3D811}.Debug|x86.ActiveCfg = Debug|Win32
		{A37FECA9-C479-4F74-B781-C84ADAE3D811}.Debug|x86.Build.0 = Debug|Win32
		{A37FECA9-C479-4F74-B781-C84ADAE3D811}.Release|x64.ActiveCfg = Release|x64
		{A37FECA9-C479-4F74-B781-C84ADAE3D811}.Release|x64.Build.0 = Release|x64
		{A37FECA9-C479-4F74-B781-C84ADAE3D811}.Release|x86.ActiveCfg = Release|Win32
		{A37FECA9-C479-4F74-B781-C84ADAE3D811}.Release|x86.Build.0 = Release|Win32
		{2F04F767-EBE4-458B-A653-2C2E7FA3D46F}.Debug|x64.ActiveCfg = Debug|x64
		{2F04F767-EBE4-458B-A653-2C2E7FA3D46F}.Debug|x64.Build.0 = Debug|x64
		{2F04F767-EBE4-458B-A653-2C2E7FA3D46F}.Debug|x86.ActiveCfg = Debug|Win32
		{2F04F767-EBE4-458B-A653-2C2E7FA3D46F}.Debug|x86.Build.0 = Debug|Win32
		{2F04F767-EBE4-458B-A653-2C2E7FA3D46F}.Release|x64.ActiveCfg = Release|x64
		{2F04F767-EBE4-458B-A653-2C2E7FA3D46F}.Release|x64.Build.0 = Release|x64
		{2F04F767-EBE4-458B-A653-2C2E7FA3D46F}.Release|x86.ActiveCfg = Release|Win32
		{2F04F767-EBE4-458B-A653-2C2E7FA3D46F}.Release|x86.Build.0 = Release|Win32
		{CA06CD46-76DA-458C-8653-F03F346B5F84}.Debug|x64.ActiveCfg = Debug|x64
		{CA06CD46-76DA-458C-8653-F03F346B5F84}.Debug|x64.Build.0 = Debug|x64
		{CA06CD46-76DA-458C-8653-F03F346B5F84}.Debug|x86.ActiveCfg = Debug|Win32
		{CA06CD46-76DA-458C-8653-F03F346B5F84}.Debug|x86.Build.0 = Debug|Win32
		{CA06CD46-76DA-458C-8653-F03F346B5F84}.Release|x64.ActiveCfg = Release|x64
		{CA06CD46-76DA-458C-8653-F03F346B5F84}.Release|x64.Build.0 = Release|x64
		{CA06CD46-76DA-458C-8653-F03F346B5F84}.Release|x86.ActiveCfg = Release|Win32
		{CA06CD46-76DA-458C-8653-F03F346B5F84}.Release|x86.Build.0 = Release|Win32
		{FD67DE11-F2E4-4B6A-9CA9-A0848A5DF925}.Debug|x64.ActiveCfg = Debug|x64
		{FD67DE11-F2E4-4B6A-9CA9-A0848A5DF925}.Debug|x64.Build.0 = Debug|x64
		{FD67DE11-F2E4-4B6A-9CA9-A0848A5DF925}.Debug|x86.ActiveCfg = Debug|Win32
		{FD67DE11-F2E4-4B6A-9CA9-A0848A5DF925}.Debug|x86.Build.0 = Debug|Win32
		{FD67DE11-F2E4-4B6A-9CA9-A0848A5DF925}.Release|x64.ActiveCfg = Release|x64
		{FD67DE11-F2E4-4B6A-9CA9-A0848A5DF925}.Release|x64.Build.0 = Release|x64
		{FD67DE11-F2E4-4B6A-9CA9-A0848A5DF925}.Release|x86.ActiveCfg = Release|Win32
		{FD67DE11-F2E4-4B6A-9CA9-A0848A5DF925}.Release|x86.Build.0 = Release|Win32
		{22D84211-34B2-4E67-B9D3-9495A8E246CC}.Debug|x64.ActiveCfg = Debug|x64
		{22D84211-34B2-4E67-B9D3-9495A8E246CC}.Debug|x64.Build.0 = Debug|x64
		{22D84211-34B2-4E67-B9D3-9495A8E246CC}.Debug|x86.ActiveCfg = Debug|Win32
		{22D84211-34B2-4E67-B9D3-9495A8E246CC}.Debug|x86.Build.0 = Debug|Win32
		{22D84211-34B2-4E67-B9D3-9495A8E246CC}.Release|x64.ActiveCfg = Release|x64
		{22D84211-34B2-4E67-B9D3-9495A8E246CC}.Release|x64.Build.0 = Release|x64
		{22D84211-34B2-4E67-B9D3-9495A8E246CC}.Release|x86.ActiveCfg = Release|Win32
		{22D84211-34B2-4E67-B9D3-9495A8E246CC}.Release|x86.Build.0 = Release|Win32
		{78584011-D3D8-4CD2-B512-EE3D9CA07AE8}.Debug|x64.ActiveCfg = Debug|x64
		{78584011-D3D8-4CD2-B512-EE3D9CA07AE8}.Debug|x64.Build.0 = Debug|x64
		{78584011-D3D8-4CD2-B512-EE3D9CA07AE8}.Debug|x86.ActiveCfg = Debug|Win32
		{78584011-D3D8-4CD2-B512-EE3D9CA07AE8}.Debug|x86.Build.0 = Debug|Win32
		{78584011-D3D8-4CD2-B512-EE3D9CA07AE8}.Release|x64.ActiveCfg = Release|x64
		{78584011-D3D8-4CD2-B512-EE3D9CA07AE8}.Release|x64.Build.0 = Release|x64
		{78584011-D3D8-4CD2-B512-EE3D9CA07AE8}.Release|x86.ActiveCfg = Release|Win32
		{78584011-D3D8-4CD2-B512-EE3D9CA07AE8}.Release|x86.Build.0 = Release|Win32
		{8F7688B7-E14C-45D7-9E21-53ACB4103BDE}.Debug|x64.ActiveCfg = Debug|x64
		{8F7688B7-E14C-45D7-9E21-53ACB4103BDE}.Debug|x64.Build.0 = Debug|x64
		{8F7688B7-E14C-45D7-9E21-53ACB4103BDE}.Debug|x86.ActiveCfg = Debug|Win32
		{8F7688B7-E14C-45D7-9E21-53ACB4103BDE}.Debug|x86.Build.0 = Debug|Win32
		{8F7688B7-E14C-45D7-9E21-53ACB4103BDE}.Release|x64.ActiveCfg = Release|x64
		{8F7688B7-E14C-45D7-9E21-53ACB4103BDE}.Release|x64.Build.0 = Release|x64
		{8F7688B7-E14C-45D7-9E21-53ACB4103BDE}.Release|x86.ActiveCfg = Release|Win32
		{8F7688B7-E14C-45D7-9E21-53ACB4103BDE}.Release|x86.Build.0 = Release|Win32
		{9FABFDF8-625F-48B1-A493-75A550FFCF5A}.Debug|x64.ActiveCfg = Debug|x64
		{9FABFDF8-625F-48B1-A493-75A550FFCF5A}.Debug|x64.Build.0 = Debug|x64
		{9FABFDF8-625F-48B1-A493-75A550FFCF5A}.Debug|x86.ActiveCfg = Debug|Win32
		{9FABFDF8-625F-48B1-A493-75A550FFCF5A}.Debug|x86.Build.0 = Debug|Win32
		{9FABFDF8-625F-48B1-A493-75A550FFCF5A}.Release|x64.ActiveCfg = Release|x64
		{9FABFDF8-625F-48B1-A493-75A550FFCF5A}.Release|x64.Build.0 = Release|x64
		{9FABFDF8-625F-48B1-A493-75A550FFCF5A}.Release|x86.ActiveCfg = Release|Win32
		{9FABFDF8-625F-48B1-A493-75A550FFCF5A}.Release|x86.Build.0 = Release|Win32
		{4C5142CB-7840-4FAF-A9B1-2736404522CB}.Debug|x64.ActiveCfg = Debug|x64
		{4C5142CB-7840-4FAF-A9B1-2736404522CB}.Debug|x64.Build.0 = Debug|x64
		{4C5142CB-7840-4FAF-A9B1-2736404522CB}.Debug|x86.ActiveCfg = Debug|Win32
		{4C5142CB-7840-4FAF-A9B1-2736404522CB}.Debug|x86.Build.0 = Debug|Win32
		{4C5142CB-7840-4FAF-A9B1-2736404522CB}.Release|x64.ActiveCfg = Release|x64
		{4C5142CB-7840-4FAF-A9B1-2736404522CB}.Release|x64.Build.0 = Release|x64
		{4C5142CB-7840-4FAF-A9B1-2736404522CB}.Release|x86.ActiveCfg = Release|Win32
		{4C5142CB-7840-4FAF-A9B1-2736404522CB}.Release|x86.Build.0 = Release|Win32
		{9600264A-0FBF-4E36-AC41-C9288CC78FCC}.Debug|x64.ActiveCfg = Debug|x64
		{9600264A-0FBF-4E36-AC41-C9288CC78FCC}.Debug|x64.Build.0 = Debug|x64
		{9600264A-0FBF-4E36-AC41-C9288CC78FCC}.Debug|x86.ActiveCfg = Debug|Win32
		{9600264A-0FBF-4E36-AC41-C9288CC78FCC}.Debug|x86.Build.0 = Debug|Win32
		{9600264A-0FBF-4E36-AC41-C9288CC78FCC}.Release|x64.ActiveCfg = Release|x64
		{9600264A-0FBF-4E36-AC41-C9288CC78FCC}.Release|x64.Build.0 = Release|x64
		{9600264A-0FBF-4E36-AC41-C9288CC78FCC}.Release|x86.ActiveCfg = Release|Win32
		{9600264A-0FBF-4E36-AC41-C9288CC78FCC}.Release|x86.Build.0 = Release|Win32
		{12A1701B-43A1-4FBF-A9ED-6BCB0AF5D6D3}.Debug|x64.ActiveCfg = Debug|x64
		{12A1701B-43A1-4FBF-A9ED-6BCB0AF5D6D3}.Debug|x64.Build.0 = Debug|x64
		{12A1701B-43A1-4FBF-A9ED-6BCB0AF5D6D3}.Debug|x86.ActiveCfg = Debug|Win32
		{12A1701B-43A1-4FBF-A9ED-6BCB0AF5D6D3}.Debug|x86.Build.0 = Debug|Win32
		{12A1701B-43A1-4FBF-A9ED-6BCB0AF5D6D3}.Release|x64.ActiveCfg = Release|x64
		{12A1701B-43A1-4FBF-A9ED-6BCB0AF5D6D3}.Release|x64.Build.0 = Release|x64
		{12A1701B-43A1-4FBF-A9ED-6BCB0AF5D6D3}.Release|x86.ActiveCfg = Release|Win32
		{12A1701B-43A1-4FBF-A9ED-6BCB0AF5D6D3}.Release|x86.Build.0 = Release|Win32
		{C34EF663-EE07-468A-8430-D628FD23E602}.Debug|x64.ActiveCfg = Debug|x64
		{C34EF663-EE07-468A-8430-D628FD23E602}.Debug|x64.Build.0 = Debug|x64
		{C34EF663-EE07-468A-8430-D628FD23E602}.Debug|x86.ActiveCfg = Debug|Win32
		{C34EF663-EE07-468A-8430-D628FD23E602}.Debug|x86.Build.0 = Debug|Win32
		{C34EF663-EE07-468A-8430-D628FD23E602}.Release|x64.ActiveCfg = Release|x64
		{C34EF663-EE07-468A-8430-D628FD23E602}.Release|x64.Build.0 = Release|x64
		{C34EF663-EE07-468A-8430-D628FD23E602}.Release|x86.ActiveCfg = Release|Win32
		{C34EF663-EE07-468A-8430-D628FD23E602}.Release|x86.Build.0 = Release|Win32
		{2C9077F3-49BB-4562-AD0C-EEBAD2F7A1CB}.Debug|x64.ActiveCfg = Debug|x64
		{2C9077F3-49BB-4562-AD0C-EEBAD2F7A1CB}.Debug|x64.Build.0 = Debug|x64
		{2C9077F3-49BB-4562-AD0C-EEBAD2F7A1CB}.Debug|x86.ActiveCfg = Debug|Win32
		{2C9077F3-49BB-4562-AD0C-EEBAD2F7A1CB}.Debug|x86.Build.0 = Debug|Win32
		{2C9077F3-49BB-4562-AD0C-EEBAD2F7A1CB}.Release|x64.ActiveCfg = Release|x64
		{2C9077F3-49BB-4562-AD0C-EEBAD2F7A1CB}.Release|x64.Build.0 = Release|x64
		{2C9077F3-49BB-4562-AD0C-EEBAD2F7A1CB}.Release|x86.ActiveCfg = Release|Win32
		{2C9077F3-49BB-4562-AD0C-EEBAD2F7A1CB}.Release|x86.Build.0 = Release|Win32
		{90D80CD1-5E7E-4942-B2C5-B2B9C77EBA7F}.Debug|x64.ActiveCfg = Debug|x64
		{90D80CD1-5E7E-4942-B2C5-B2B9C77EBA7F}.Debug|x64.Build.0 = Debug|x64
		{90D80CD1-5E7E-4942-B2C5-B2B9C77EBA7F}.Debug|x86.ActiveCfg = Debug|Win32
		{90D80CD1-5E7E-4942-B2C5-B2B9C77EBA7F}.Debug|x86.Build.0 = Debug|Win32
		{90D80CD1-5E7E-4942-B2C5-B2B9C77EBA7F}.Release|x64.ActiveCfg = Release|x64
		{90D80CD1-5E7E-4942-B2C5-B2B9C77EBA7F}.Release|x64.Build.0 = Release|x64
		{90D80CD1-5E7E-4942-B2C5-B2B9C77EBA7F}.Release|x86.ActiveCfg = Release|Win32
		{90D80CD1-5E7E-4942-B2C5-B2B9C77EBA7F}.Release|x86.Build.0 = Release|Win32
		{1932034E-8C17-4A19-A3CE-FAD321F7F4A0}.Debug|x64.ActiveCfg = Debug|x64
		{1932034E-8C17-4A19-A3CE-FAD321F7F4A0}.Debug|x64.Build.0 = Debug|x64
		{1932034E-8C17-4A19-A3CE-FAD321F7F4A0}.Debug|x86.ActiveCfg = Debug|Win32
		{1932034E-8C17-4A19-A3CE-FAD321F7F4A0}.Debug|x86.Build.0 = Debug|Win32
		{1932034E-8C17-4A19-A3CE-FAD321F7F4A0}.Release|x64.ActiveCfg = Release|x64
		{1932034E-8C17-4A19-A3CE-FAD321F7F4A0}.Release|x64.Build.0 = Release|x64
		{1932034E-8C17-4A19-A3CE-FAD321F7F4A0}.Release|x86.ActiveCfg = Release|Win32
		{1932034E-8C17-4A19-A3CE-FAD321F7F4A0}.Release|x86.Build.0 = Release|Win32
		{213A58CF-CEF9-4B68-BF37-E6495748B070}.Debug|x64.ActiveCfg = Debug|x64
		{213A58CF-CEF9-4B68-BF37-E6495748B070}.Debug|x64.Build.0 = Debug|x64
		{213A58CF-CEF9-4B68-BF37-E6495748B070}.Debug|x86.ActiveCfg = Debug|Win32
		{213A58CF-CEF9-4B68-BF37-E6495748B070}.Debug|x86.Build.0 = Debug|Win32
		{213A58CF-CEF9-4B68-BF37-E6495748B070}.Release|x64.ActiveCfg = Release|x64
		{213A58CF-CEF9-4B68-BF37-E6495748B070}.Release|x64.Build.0 = Release|x64
		{213A58CF-CEF9-4B68-BF37-E6495748B070}.Release|x86.ActiveCfg = Release|Win32
		{213A58CF-CEF9-4B68-BF37-E6495748B070}.Release|x86.Build.0 = Release|Win32
		{1D484447-7496-4F46-BD90-919280C53E33}.Debug|x64.ActiveCfg = Debug|x64
		{1D484447-7496-4F46-BD90-919280C53E33}.Debug|x64.Build.0 = Debug|x64
		{1D484447-7496-4F46-BD90-919280C53E33}.Debug|x86.ActiveCfg = Debug|Win32
		{1D484447-7496-4F46-BD90-919280C53E33}.Debug|x86.Build.0 = Debug|Win32
		{1D484447-7496-4F46-BD90-919280C53E33}.Release|x64.ActiveCfg = Release|x64
		{1D484447-7496-4F46-BD90-919280C53E33}.Release|x64.Build.0 = Release|x64
		{1D484447-7496-4F46-BD90-919280C53E33}.Release|x86.ActiveCfg = Release|Win32
		{1D484447-7496-4F46-BD90-919280C53E33}.Release|x86.Build.0 = Release|Win32
		{B516EB85-1D0E-4BEF-85E8-F580207432A6}.Debug|x64.ActiveCfg = Debug|x64
		{B516EB85-1D0E-4BEF-85E8-F580207432A6}.Debug|x64.Build.0 = Debug|x64
		{B516EB85-1D0E-4BEF-85E8-F580207432A6}.Debug|x86.ActiveCfg = Debug|Win32
		{B516EB85-1D0E-4BEF-85E8-F580207432A6}.Debug|x86.Build.0 = Debug|Win32
		{B516EB85-1D0E-4BEF-85E8-F580207432A6}.Release|x64.ActiveCfg = Release|x64
		{B516EB85-1D0E-4BEF-85E8-F580207432A6}.Release|x64.Build.0 = Release|x64
		{B516EB85-1D0E-4BEF-85E8-F580207432A6}.Release|x86.ActiveCfg = Release|Win32
		{B516EB85-1D0E-4BEF-85E8-F580207432A6}.Release|x86.Build.0 = Release|Win32
		{827CB638-F238-461B-A330-39152574F34B}.Debug|x64.ActiveCfg = Debug|x64
		{827CB638-F238-461B-A330-39152574F34B}.Debug|x64.Build.0 = Debug|x64
		{827CB638-F238-461B-A330-39152574F34B}.Debug|x86.ActiveCfg = Debug|Win32
		{827CB638-F238-461B-A330-39152574F34B}.Debug|x86.Build.0 = Debug|Win32
		{827CB638-F238-461B-A330-39152574F34B}.Release|x64.ActiveCfg = Release|x64
		{827CB638-F238-461B-A330-39152574F34B}.Release|x64.Build.0 = Release|x64
		{827CB638-F238-461B-A330-39152574F34B}.Release|x86.ActiveCfg = Release|Win32
		{827CB638-F238-461B-A330-39152574F34B}.Release|x86.Build.0 = Release|Win32
		{71B950B1-F4D4-4401-9BA7-41609A32A297}.Debug|x64.ActiveCfg = Debug|x64
		{71B950B1-F4D4-4401-9BA7-41609A32A297}.Debug|x64.Build.0 = Debug|x64
		{71B950B1-F4D4-4401-9BA7-41609A32A297}.Debug|x86.ActiveCfg = Debug|Win32
		{71B950B1-F4D4-4401-9BA7-41609A32A297}.Debug|x86.Build.0 = Debug|Win32
		{71B950B1-F4D4-4401-9BA7-41609A32A297}.Release|x64.ActiveCfg = Release|x64
		{71B950B1-F4D4-4401-9BA7-41609A32A297}.Release|x64.Build.0 = Release|x64
		{71B950B1-F4D4-4401-9BA7-41609A32A297}.Release|x86.ActiveCfg = Release|Win32
		{71B950B1-F4D4-4401-9BA7-41609A32A297}.Release|x86.Build.0 = Release|Win32
		{AA7C05CC-1E12-47F5-B713-59DE7754623F}.Debug|x64.ActiveCfg = Debug|x64
		{AA7C05CC-1E12-47F5-B713-59DE7754623F}.Debug|x64.Build.0 = Debug|x64
		{AA7C05CC-1E12-47F5-B713-59DE7754623F}.Debug|x86.ActiveCfg = Debug|Win32
		{AA7C05CC-1E12-47F5-B713-59DE7754623F}.Debug|x86.Build.0 = Debug|Win32
		{AA7C05CC-1E12-47F5-B713-59DE7754623F}.Release|x64.ActiveCfg = Release|x64
		{AA7C05CC-1E12-47F5-B713-59DE7754623F}.Release|x64.Build.0 = Release|x64
		{AA7C05CC-1E12-47F5-B713-59DE7754623F}.Release|x86.ActiveCfg = Release|Win32
		{AA7C05CC-1E12-47F5-B713-59DE7754623F}.Release|x86.Build.0 = Release|Win32
		{80B171F1-855B-421E-B76C-9F979A06138B}.Debug|x64.ActiveCfg = Debug|x64
		{80B171F1-855B-421E-B76C-9F979A06138B}.Debug|x64.Build.0 = Debug|x64
		{80B171F1-855B-421E-B76C-9F979A06138B}.Debug|x86.ActiveCfg = Debug|Win32
		{80B171F1-855B-421E-B76C-9F979A06138B}.Debug|x86.Build.0 = Debug|Win32
		{80B171F1-855B-421E-B76C-9F979A06138B}.Release|x64.ActiveCfg = Release|x64
		{80B171F1-855B-421E-B76C-9F979A06138B}.Release|x64.Build.0 = Release|x64
		{80B171F1-855B-421E-B76C-9F979A06138B}.Release|x86.ActiveCfg = Release|Win32
		{80B171F1-855B-421E-B76C-9F979A06138B}.Release|x86.Build.0 = Release|Win32
		{7F2A06BE-9A86-443E-AF15-B76497C81E62}.Debug|x64.ActiveCfg = Debug|x64
		{7F2A06BE-9A86-443E-AF15-B76497C81E62}.Debug|x64.Build.0 = Debug|x64
		{7F2A06BE-9A86-443E-AF15-B76497C81E62}.Debug|x86.ActiveCfg = Debug|Win32
		{7F2A06BE-9A86-443E-AF15-B76497C81E62}.Debug|x86.Build.0 = Debug|Win32
		{7F2A06BE-9A86-443E-AF15-B76497C81E62}.Release|x64.ActiveCfg = Release|x64
		{7F2A06BE-9A86-443E-AF15-B76497C81E62}.Release|x64.Build.0 = Release|x64
		{7F2A06BE-9A86-443E-AF15-B76497C81E62}.Release|x86.ActiveCfg = Release|Win32
		{7F2A06BE-9A86-443E-AF15-B76497C81E62}.Release|x86.Build.0 = Release|Win32
		{BA1675F9-EA0C-41B5-8D13-AA615175212E}.Debug|x64.ActiveCfg = Debug|x64
		{BA1675F9-EA0C-41B5-8D13-AA615175212E}.Debug|x64.Build.0 = Debug|x64
		{BA1675F9-EA0C-41B5-8D13-AA615175212E}.Debug|x86.ActiveCfg = Debug|Win32
		{BA1675F9-EA0C-41B5-8D13-AA615175212E}.Debug|x86.Build.0 = Debug|Win32
		{BA1675F9-EA0C-41B5-8D13-AA615175212E}.Release|x64.ActiveCfg = Release|x64
		{BA1675F9-EA0C-41B5-8D13-AA615175212E}.Release|x64.Build.0 = Release|x64
		{BA1675F9-EA0C-41B5-8D13-AA615175212E}.Release|x86.ActiveCfg = Release|Win32
		{BA1675F9-EA0C-41B5-8D13-AA615175212E}.Release|x86.Build.0 = Release|Win32
		{6832BEFE-5652-486C-9D3F-398481B2BAA6}.Debug|x64.ActiveCfg = Debug|x64
		{6832BEFE-5652-486C-9D3F-398481B2BAA6}.Debug|x64.Build.0 = Debug|x64
		{6832BEFE-5652-486C-9D3F-398481B2BAA6}.Debug|x86.ActiveCfg = Debug|Win32
		{6832BEFE-5652-486C-9D3F-398481B2BAA6}.Debug|x86.Build.0 = Debug|Win32
		{6832BEFE-5652-486C-9D3F-398481B2BAA6}.Release|x64.ActiveCfg = Release|x64
		{6832BEFE-5652-486C-9D3F-398481B2BAA6}.Release|x64.Build.0 = Release|x64
		{6832BEFE-5652-486C-9D3F-398481B2BAA6}.Release|x86.ActiveCfg = Release|Win32
		{6832BEFE-5652-486C-9D3F-398481B2BAA6}.Release|x86.Build.0 = Release|Win32
		{DEE34A60-42D2-4D42-88BD-69EF48BAB09B}.Debug|x64.ActiveCfg = Debug|x64
		{DEE34A60-42D2-4D42-88BD-69EF48BAB09B}.Debug|x64.Build.0 = Debug|x64
		{DEE34A60-42D2-4D42-88BD-69EF48BAB09B}.Debug|x86.ActiveCfg = Debug|Win32
		{DEE34A60-42D2-4D42-88BD-69EF48BAB09B}.Debug|x86.Build.0 = Debug|Win32
		{DEE34A60-42D2-4D42-88BD-69EF48BAB09B}.Release|x64.ActiveCfg = Release|x64
		{DEE34A60-42D2-4D42-88BD-69EF48BAB09B}.Release|x64.Build.0 = Release|x64
		{DEE34A60-42D2-4D42-88BD-69EF48BAB09B}.Release|x86.ActiveCfg = Release|Win32
		{DEE34A60-42D2-4D42-88BD-69EF48BAB09B}.Release|x86.Build.0 = Release|Win32
		{5F30C5B0-7F33-4CBA-A8EF-202FABEB4D36}.Debug|x64.ActiveCfg = Debug|x64
		{5F30C5B0-7F33-4CBA-A8EF-202FABEB4D36}.Debug|x64.Build.0 = Debug|x64
		{5F30C5B0-7F33-4CBA-A8EF-202FABEB4D36}.Debug|x86.ActiveCfg = Debug|Win32
		{5F30C5B0-7F33-4CBA-A8EF-202FABEB4D36}.Debug|x86.Build.0 = Debug|Win32
		{5F30C5B0-7F33-4CBA-A8EF-202FABEB4D36}.Release|x64.ActiveCfg = Release|x64
		{5F30C5B0-7F33-4CBA-A8EF-202FABEB4D36}.Release|x64.Build.0 = Release|x64
		{5F30C5B0-7F33-4CBA-A8EF-202FABEB4D36}.Release|x86.ActiveCfg = Release|Win32
		{5F30C5B0-7F33-4CBA-A8EF-202FABEB4D36}.Release|x86.Build.0 = Release|Win32
		{F23A21A4-BCF7-4013-882E-F51EC084621B}.Debug|x64.ActiveCfg = Debug|x64
		{F23A21A4-BCF7-4013-882E-F51EC084621B}.Debug|x64.Build.0 = Debug|x64
		{F23A21A4-BCF7-4013-882E-F51EC084621B}.Debug|x86.ActiveCfg = Debug|Win32
		{F23A21A4-BCF7-4013-882E-F51EC084621B}.Debug|x86.Build.0 = Debug|Win32
		{F23A21A4-BCF7-4013-882E-F51EC084621B}.Release|x64.ActiveCfg = Release|x64
		{F23A21A4-BCF7-4013-882E-F51EC084621B}.Release|x64.Build.0 = Release|x64
		{F23A21A4-BCF7-4013-882E-F51EC084621B}.Release|x86.ActiveCfg = Release|Win32
		{F23A21A4-BCF7-4013-882E-F51EC084621B}.Release|x86.Build.0 = Release|Win32
		{590A51D9-87CA-47CF-9B9B-AA8875DBB986}.Debug|x64.ActiveCfg = Debug|x64
		{590A51D9-87CA-47CF-9B9B-AA8875DBB986}.Debug|x64.Build.0 = Debug|x64
		{590A51D9-87CA-47CF-9B9B-AA8875DBB986}.Debug|x86.ActiveCfg = Debug|Win32
		{590A51D9-87CA-47CF-9B9B-AA8875DBB986}.Debug|x86.Build.0 = Debug|Win32
		{590A51D9-87CA-47CF-9B9B-AA8875DBB986}.Release|x64.ActiveCfg = Release|x64
		{590A51D9-87CA-47CF-9B9B-AA8875DBB986}.Release|x64.Build.0 = Release|x64
		{590A51D9-87CA-47CF-9B9B-AA8875DBB986}.Release|x86.ActiveCfg = Release|Win32
		{590A51D9-87CA-47CF-9B9B-AA8875DBB986}.Release|x86.Build.0 = Release|Win32
		{8396CC3E-2900-4E71-A753-FF86766D7C61}.Debug|x64.ActiveCfg = Debug|x64
		{8396CC3E-2900-4E71-A753-FF86766D7C61}.Debug|x64.Build.0 = Debug|x64
		{8396CC3E-2900-4E71-A753-FF86766D7C61}.Debug|x86.ActiveCfg = Debug|Win32
		{8396CC3E-2900-4E71-A753-FF86766D7C61}.Debug|x86.Build.0 = Debug|Win32
		{8396CC3E-2900-4E71-A753-FF86766D7C61}.Release|x64.ActiveCfg = Release|x64
		{8396CC3E-2900-4E71-A753-FF86766D7C61}.Release|x64.Build.0 = Release|x64
		{8396CC3E-2900-4E71-A753-FF86766D7C61}.Release|x86.ActiveCfg = Release|Win32
		{8396CC3E-2900-4E71-A753-FF86766D7C61}.Release|x86.Build.0 = Release|Win32
		{D32834AB-A38D-4E9E-B005-A5AFFE710496}.Debug|x64.ActiveCfg = Debug|x64
		{D32834AB-A38D-4E9E-B005-A5AFFE710496}.Debug|x64.Build.0 = Debug|x64
		{D32834AB-A38D-4E9E-B005-A5AFFE710496}.Debug|x86.ActiveCfg = Debug|Win32
		{D32834AB-A38D-4E9E-B005-A5AFFE710496}.Debug|x86.Build.0 = Debug|Win32
		{D32834AB-A38D-4E9E-B005-A5AFFE710496}.Release|x64.ActiveCfg = Release|x64
		{D32834AB-A38D-4E9E-B005-A5AFFE710496}.Release|x64.Build.0 = Release|x64
		{D32834AB-A38D-4E9E-B005-A5AFFE710496}.Release|x86.ActiveCfg = Release|Win32
		{D32834AB-A38D-4E9E-B005-A5AFFE710496}.Release|x86.Build.0 = Release|Win32
		{FC4DAFC9-CF69-460C-9300-21ABA2988E82}.Debug|x64.ActiveCfg = Debug|x64
		{FC4DAFC9-CF69-460C-9300-21ABA2988E82}.Debug|x64.Build.0 = Debug|x64
		{FC4DAFC9-CF69-460C-9300-21ABA2988E82}.Debug|x86.ActiveCfg = Debug|Win32
		{FC4DAFC9-CF69-460C-9300-21ABA2988E82}.Debug|x86.Build.0 = Debug|Win32
		{FC4DAFC9-CF69-460C-9300-21ABA2988E82}.Release|x64.ActiveCfg = Release|x64
		{FC4DAFC9-CF69-460C-9300-21ABA2988E82}.Release|x64.Build.0 = Release|x64
		{FC4DAFC9-CF69-460C-9300-21ABA2988E82}.Release|x86.ActiveCfg = Release|Win32
		{FC4DAFC9-CF69-460C-9300-21ABA2988E82}.Release|x86.Build.0 = Release|Win32
		{DB757E76-F316-4D23-9FB6-09BC86C57EE5}.Debug|x64.ActiveCfg = Debug|x64
		{DB757E76-F316-4D23-9FB6-09BC86C57EE5}.Debug|x64.Build.0 = Debug|x64
		{DB757E76-F316-4D23-9FB6-09BC86C57EE5}.Debug|x86.ActiveCfg = Debug|Win32
		{DB757E76-F316-4D23-9FB6-09BC86C57EE5}.Debug|x86.Build.0 = Debug|Win32
		{DB757E76-F316-4D23-9FB6-09BC86C57EE5}.Release|x64.ActiveCfg = Release|x64
		{DB757E76-F316-4D23-9FB6-09BC86C57EE5}.Release|x64.Build.0 = Release|x64
		{DB757E76-F316-4D23-9FB6-09BC86C57EE5}.Release|x86.ActiveCfg = Release|Win32
		{DB757E76-F316-4D23-9FB6-09BC86C57EE5}.Release|x86.Build.0 = Release|Win32
		{FF6B5145-FB63-4BA6-839C-9FFB6108072D}.Debug|x64.ActiveCfg = Debug|x64
		{FF6B5145-FB63-4BA6-839C-9FFB6108072D}.Debug|x64.Build.0 = Debug|x64
		{FF6B5145-FB63-4BA6-839C-9FFB6108072D}.Debug|x86.ActiveCfg = Debug|Win32
		{FF6B5145-FB63-4BA6-839C-9FFB6108072D}.Debug|x86.Build.0 = Debug|Win32
		{FF6B5145-FB63-4BA6-839C-9FFB6108072D}.Release|x64.ActiveCfg = Release|x64
		{FF6B5145-FB63-4BA6-839C-9FFB6108072D}.Release|x64.Build.0 = Release|x64
		{FF6B5145-FB63-4BA6-839C-9FFB6108072D}.Release|x86.ActiveCfg = Release|Win32
		{FF6B5145-FB63-4BA6-839C-9FFB6108072D}.Release|x86.Build.0 = Release|Win32
		{662CCB80-F7CE-4064-9FD0-F91824829557}.Debug|x64.ActiveCfg = Debug|x64
		{662CCB80-F7CE-4064-9FD0-F91824829557}.Debug|x64.Build.0 = Debug|x64
		{662CCB80-F7CE-4064-9FD0-F91824829557}.Debug|x86.ActiveCfg = Debug|Win32
		{662CCB80-F7CE-4064-9FD0-F91824829557}.Debug|x86.Build.0 = Debug|Win32
		{662CCB80-F7CE-4064-9FD0-F91824829557}.Release|x64.ActiveCfg = Release|x64
		{662CCB80-F7CE-4064-9FD0-F91824829557}.Release|x64.Build.0 = Release|x64
		{662CCB80-F7CE-4064-9FD0-F91824829557}.Release|x86.ActiveCfg = Release|Win32
		{662CCB80-F7CE-4064-9FD0-F91824829557}.Release|x86.Build.0 = Release|Win32
		{3DFBAE71-8480-415A-95A9-9A93669D5789}.Debug|x64.ActiveCfg = Debug|x64
		{3DFBAE71-8480-415A-95A9-9A93669D5789}.Debug|x64.Build.0 = Debug|x64
		{3DFBAE71-8480-415A-95A9-9A93669D5789}.Debug|x86.ActiveCfg = Debug|Win32
		{3DFBAE71-8480-415A-95A9-9A93669D5789}.Debug|x86.Build.0 = Debug|Win32
		{3DFBAE71-8480-415A-95A9-9A93669D5789}.Release|x64.ActiveCfg = Release|x64
		{3DFBAE71-8480-415A-95A9-9A93669D5789}.Release|x64.Build.0 = Release|x64
		{3DFBAE71-8480-415A-95A9-9A93669D5789}.Release|x86.ActiveCfg = Release|Win32
		{3DFBAE71-8480-415A-95A9-9A93669D5789}.Release|x86.Build.0 = Release|Win32
		{DCD6FC1A-491A-4641-B3B1-4856FF1F1EED}.Debug|x64.ActiveCfg = Debug|x64
		{DCD6FC1A-491A-4641-B3B1-4856FF1F1EED}.Debug|x64.Build.0 = Debug|x64
		{DCD6FC1A-491A-4641-B3B1-4856FF1F1EED}.Debug|x86.ActiveCfg = Debug|Win32
		{DCD6FC1A-491A-4641-B3B1-4856FF1F1EED}.Debug|x86.Build.0 = Debug|Win32
		{DCD6FC1A-491A-4641-B3B1-4856FF1F1EED}.Release|x64.ActiveCfg = Release|x64
		{DCD6FC1A-491A-4641-B3B1-4856FF1F1EED}.Release|x64.Build.0 = Release|x64
		{DCD6FC1A-491A-4641-B3B1-4856FF1F1EED}.Release|x86.ActiveCfg = Release|Win32
		{DCD6FC1A-491A-4641-B3B1-4856FF1F1EED}.Release|x86.Build.0 = Release|Win32
		{7838C76F-AFA7-4129-AD49-6749C18FFCFA}.Debug|x64.ActiveCfg = Debug|x64
		{7838C76F-AFA7-4129-AD49-6749C18FFCFA}.Debug|x64.Build.0 = Debug|x64
		{7838C76F-AFA7-4129-AD49-6749C18FFCFA}.Debug|x86.ActiveCfg = Debug|Win32
		{7838C76F-AFA7-4129-AD49-6749C18FFCFA}.Debug|x86.Build.0 = Debug|Win32
		{7838C76F-AFA7-4129-AD49-6749C18FFCFA}.Release|x64.ActiveCfg = Release|x64
		{7838C76F-AFA7-4129-AD49-6749C18FFCFA}.Release|x64.Build.0 = Release|x64
		{7838C76F-AFA7-4129-AD49-6749C18FFCFA}.Release|x86.ActiveCfg = Release|Win32
		{7838C76F-AFA7-4129-AD49-6749C18FFCFA}.Release|x86.Build.0 = Release|Win32
		{05EE5B97-26E3-4D12-B910-3D530DD0F592}.Debug|x64.ActiveCfg = Debug|x64
		{05EE5B97-26E3-4D12-B910-3D530DD0F592}.Debug|x64.Build.0 = Debug|x64
		{05EE5B97-26E3-4D12-B910-3D530DD0F592}.Debug|x86.ActiveCfg = Debug|Win32
		{05EE5B97-26E3-4D12-B910-3D530DD0F592}.Debug|x86.Build.0 = Debug|Win32
		{05EE5B97-26E3-4D12-B910-3D530DD0F592}.Release|x64.ActiveCfg = Release|x64
		{05EE5B97-26E3-4D12-B910-3D530DD0F592}.Release|x64.Build.0 = Release|x64
		{05EE5B97-26E3-4D12-B910-3D530DD0F592}.Release|x86.ActiveCfg = Release|Win32
		{05EE5B97-26E3-4D12-B910-3D530DD0F592}.Release|x86.Build.0 = Release|Win32
		{FD169799-F5EB-4739-9A5C-721690821A38}.Debug|x64.ActiveCfg = Debug|x64
		{FD169799-F5EB-4739-9A5C-721690821A38}.Debug|x64.Build.0 = Debug|x64
		{FD169799-F5EB-4739-9A5C-721690821A38}.Debug|x86.ActiveCfg = Debug|Win32
		{FD169799-F5EB-4739-9A5C-721690821A38}.Debug|x86.Build.0 = Debug|Win32
		{FD169799-F5EB-4739-9A5C-721690821A38}.Release|x64.ActiveCfg = Release|x64
		{FD169799-F5EB-4739-9A5C-721690821A38}.Release|x64.Build.0 = Release|x64
		{FD169799-F5EB-4739-9A5C-721690821A38}.Release|x86.ActiveCfg = Release|Win32
		{FD169799-F5EB-4739-9A5C-721690821A38}.Release|x86.Build.0 = Release|Win32
		{5CD3C243-12E3-47EB-BFC0-FE3DECE0EF5B}.Debug|x64.ActiveCfg = Debug|x64
		{5CD3C243-12E3-47EB-BFC0-FE3DECE0EF5B}.Debug|x64.Build.0 = Debug|x64
		{5CD3C243-12E3-47EB-BFC0-FE3DECE0EF5B}.Debug|x86.ActiveCfg = Debug|Win32
		{5CD3C243-12E3-47EB-BFC0-FE3DECE0EF5B}.Debug|x86.Build.0 = Debug|Win32
		{5CD3C243-12E3-47EB-BFC0-FE3DECE0EF5B}.Release|x64.ActiveCfg = Release|x64
		{5CD3C243-12E3-47EB-BFC0-FE3DECE0EF5B}.Release|x64.Build.0 = Release|x64
		{5CD3C243-12E3-47EB-BFC0-FE3DECE0EF5B}.Release|x86.ActiveCfg = Release|Win32
		{5CD3C243-12E3-47EB-BFC0-FE3DECE0EF5B}.Release|x86.Build.0 = Release|Win32
		{2C9A5B98-AC2F-4FAE-9C72-B7924E6C9C82}.Debug|x64.ActiveCfg = Debug|x64
		{2C9A5B98-AC2F-4FAE-9C72-B7924E6C9C82}.Debug|x64.Build.0 = Debug|x64
		{2C9A5B98-AC2F-4FAE-9C72-B7924E6C9C82}.Debug|x86.ActiveCfg = Debug|Win32
		{2C9A5B98-AC2F-4FAE-9C72-B7924E6C9C82}.Debug|x86.Build.0 = Debug|Win32
		{2C9A5B98-AC2F-4FAE-9C72-B7924E6C9C82}.Release|x64.ActiveCfg = Release|x64
		{2C9A5B98-AC2F-4FAE-9C72-B7924E6C9C82}.Release|x64.Build.0 = Release|x64
		{2C9A5B98-AC2F-4FAE-9C72-B7924E6C9C82}.Release|x86.ActiveCfg = Release|Win32
		{2C9A5B98-AC2F-4FAE-9C72-B7924E6C9C82}.Release|x86.Build.0 = Release|Win32
		{ECECC3AA-42F7-499C-B7F8-8046B6097739}.Debug|x64.ActiveCfg = Debug|x64
		{ECECC3AA-42F7-499C-B7F8-8046B6097739}.Debug|x64.Build.0 = Debug|x64
		{ECECC3AA-42F7-499C-B7F8-8046B6097739}.Debug|x86.ActiveCfg = Debug|Win32
		{ECECC3AA-42F7-499C-B7F8-8046B6097739}.Debug|x86.Build.0 = Debug|Win32
		{ECECC3AA-42F7-499C-B7F8-8046B6097739}.Release|x64.ActiveCfg = Release|x64
		{ECECC3AA-42F7-499C-B7F8-8046B6097739}.Release|x64.Build.0 = Release|x64
		{ECECC3AA-42F7-499C-B7F8-8046B6097739}.Release|x86.ActiveCfg = Release|Win32
		{ECECC3AA-42F7-499C-B7F8-8046B6097739}.Release|x86.Build.0 = Release|Win32
		{B336426E-B896-443F-AD0C-FF96E3E89AB6}.Debug|x64.ActiveCfg = Debug|x64
		{B336426E-B896-443F-AD0C-FF96E3E89AB6}.Debug|x64.Build.0 = Debug|x64
		{B336426E-B896-443F-AD0C-FF96E3E89AB6}.Debug|x86.ActiveCfg = Debug|Win32
		{B336426E-B896-443F-AD0C-FF96E3E89AB6}.Debug|x86.Build.0 = Debug|Win32
		{B336426E-B896-443F-AD0C-FF96E3E89AB6}.Release|x64.ActiveCfg = Release|x64
		{B336426E-B896-443F-AD0C-FF96E3E89AB6}.Release|x64.Build.0 = Release|x64
		{B336426E-B896-443F-AD0C-FF96E3E89AB6}.Release|x86.ActiveCfg = Release|Win32
		{B336426E-B896-443F-AD0C-FF96E3E89AB6}.Release|x86.Build.0 = Release|Win32
		{A5C84B20-2D4F-453B-A195-DE75ED39DC34}.Debug|x64.ActiveCfg = Debug|x64
		{A5C84B20-2D4F-453B-A195-DE75ED39DC34}.Debug|x64.Build.0 = Debug|x64
		{A5C84B20-2D4F-453B-A195-DE75ED39DC34}.Debug|x86.ActiveCfg = Debug|Win32
		{A5C84B20-2D4F-453B-A195-DE75ED39DC34}.Debug|x86.Build.0 = Debug|Win32
		{A5C84B20-2D4F-453B-A195-DE75ED39DC34}.Release|x64.ActiveCfg = Release|x64
		{A5C84B20-2D4F-453B-A195-DE75ED39DC34}.Release|x64.Build.0 = Release|x64
		{A5C84B20-2D4F-453B-A195-DE75ED39DC34}.Release|x86.ActiveCfg = Release|Win32
		{A5C84B20-2D4F-453B-A195-DE75ED39DC34}.Release|x86.Build.0 = Release|Win32
		{3D66C4EA-154C-495B-9863-FFFDB6F94AA1}.Debug|x64.ActiveCfg = Debug|x64
		{3D66C4EA-154C-495B-9863-FFFDB6F94AA1}.Debug|x64.Build.0 = Debug|x64
		{3D66C4EA-154C-495B-9863-FFFDB6F94AA1}.Debug|x86.ActiveCfg = Debug|Win32
		{3D66C4EA-154C-495B-9863-FFFDB6F94AA1}.Debug|x86.Build.0 = Debug|Win32
		{3D66C4EA-154C-495B-9863-FFFDB6F94AA1}.Release|x64.ActiveCfg = Release|x64
		{3D66C4EA-154C-495B-9863-FFFDB6F94AA1}.Release|x64.Build.0 = Release|x64
		{3D66C4EA-154C-495B-9863-FFFDB6F94AA1}.Release|x86.ActiveCfg = Release|Win32
		{3D66C4EA-154C-495B-9863-FFFDB6F94AA1}.Release|x86.Build.0 = Release|Win32
		{8F0F9A6D-09E5-4DC5-A971-6BDD536044DF}.Debug|x64.ActiveCfg = Debug|x64
		{8F0F9A6D-09E5-4DC5-A971-6BDD536044DF}.Debug|x64.Build.0 = Debug|x64
		{8F0F9A6D-09E5-4DC5-A971-6BDD536044DF}.Debug|x86.ActiveCfg = Debug|Win32
		{8F0F9A6D-09E5-4DC5-A971-6BDD536044DF}.Debug|x86.Build.0 = Debug|Win32
		{8F0F9A6D-09E5-4DC5-A971-6BDD536044DF}.Release|x64.ActiveCfg = Release|x64
		{8F0F9A6D-09E5-4DC5-A971-6BDD536044DF}.Release|x64.Build.0 = Release|x64
		{8F0F9A6D-09E5-4DC5-A971-6BDD536044DF}.Release|x86.ActiveCfg = Release|Win32
		{8F0F9A6D-09E5-4DC5-A971-6BDD536044DF}.Release|x86.Build.0 = Release|Win32
		{ED80186D-9756-48FD-AB96-35C265B45143}.Debug|x64.ActiveCfg = Debug|x64
		{ED80186D-9756-48FD-AB96-35C265B45143}.Debug|x64.Build.0 = Debug|x64
		{ED80186D-9756-48FD-AB96-35C265B45143}.Debug|x86.ActiveCfg = Debug|Win32
		{ED80186D-9756-48FD-AB96-35C265B45143}.Debug|x86.Build.0 = Debug|Win32
		{ED80186D-9756-48FD-AB96-35C265B45143}.Release|x64.ActiveCfg = Release|x64
		{ED80186D-9756-48FD-AB96-35C265B45143}.Release|x64.Build.0 = Release|x64
		{ED80186D-9756-48FD-AB96-35C265B45143}.Release|x86.ActiveCfg = Release|Win32
		{ED80186D-9756-48FD-AB96-35C265B45143}.Release|x86.Build.0 = Release|Win32
	EndGlobalSection
	GlobalSection(SolutionProperties) = preSolution
		HideSolutionNode = FALSE
	EndGlobalSection
	GlobalSection(ExtensibilityGlobals) = postSolution
		SolutionGuid = {A2B594B4-1B21-495E-9308-6155202E6349}
	EndGlobalSection
EndGlobal
